
Microsoft Visual Studio Solution File, Format Version 12.00
# Visual Studio Version 17
VisualStudioVersion = 17.4.33205.214
MinimumVisualStudioVersion = 10.0.40219.1
Project("{2150E333-8FDC-42A3-9474-1A3956D46DE8}") = "Services", "Services", "{9668B85E-C0B8-493F-9D47-1702D732AB01}"
EndProject
Project("{2150E333-8FDC-42A3-9474-1A3956D46DE8}") = "Shared", "Shared", "{458AA72D-66A3-4464-B630-8A95C7E95926}"
EndProject
Project("{2150E333-8FDC-42A3-9474-1A3956D46DE8}") = "Systems", "Systems", "{F9A8D1C6-2626-4D7F-933A-A2903DC27268}"
EndProject
Project("{2150E333-8FDC-42A3-9474-1A3956D46DE8}") = "Data", "Data", "{4B8513BB-DE40-4DD3-9982-40B6BE366BE9}"
EndProject
Project("{9A19103F-16F7-4668-BE54-9A1E7A4F7556}") = "ASPLearning.Api", "Systems\ASPLearning.Api\ASPLearning.Api.csproj", "{AA3C6821-27D7-4470-B200-450765087DA6}"
EndProject
Project("{FAE04EC0-301F-11D3-BF4B-00C04F79EFBC}") = "ASPLearning.Settings", "ASPLearning.Settings\ASPLearning.Settings.csproj", "{4E07574E-7F4D-4FFD-8B56-F6A552BF3E0C}"
EndProject
Project("{FAE04EC0-301F-11D3-BF4B-00C04F79EFBC}") = "ASPLearning.Services.Settings", "ASPLearning.Services.Settings\ASPLearning.Services.Settings.csproj", "{BDB78639-841E-4983-824D-CFB0F183C0B3}"
EndProject
Global
	GlobalSection(SolutionConfigurationPlatforms) = preSolution
		Debug|Any CPU = Debug|Any CPU
		Release|Any CPU = Release|Any CPU
	EndGlobalSection
	GlobalSection(ProjectConfigurationPlatforms) = postSolution
		{AA3C6821-27D7-4470-B200-450765087DA6}.Debug|Any CPU.ActiveCfg = Debug|Any CPU
		{AA3C6821-27D7-4470-B200-450765087DA6}.Debug|Any CPU.Build.0 = Debug|Any CPU
		{AA3C6821-27D7-4470-B200-450765087DA6}.Release|Any CPU.ActiveCfg = Release|Any CPU
		{AA3C6821-27D7-4470-B200-450765087DA6}.Release|Any CPU.Build.0 = Release|Any CPU
		{4E07574E-7F4D-4FFD-8B56-F6A552BF3E0C}.Debug|Any CPU.ActiveCfg = Debug|Any CPU
		{4E07574E-7F4D-4FFD-8B56-F6A552BF3E0C}.Debug|Any CPU.Build.0 = Debug|Any CPU
		{4E07574E-7F4D-4FFD-8B56-F6A552BF3E0C}.Release|Any CPU.ActiveCfg = Release|Any CPU
		{4E07574E-7F4D-4FFD-8B56-F6A552BF3E0C}.Release|Any CPU.Build.0 = Release|Any CPU
		{BDB78639-841E-4983-824D-CFB0F183C0B3}.Debug|Any CPU.ActiveCfg = Debug|Any CPU
		{BDB78639-841E-4983-824D-CFB0F183C0B3}.Debug|Any CPU.Build.0 = Debug|Any CPU
		{BDB78639-841E-4983-824D-CFB0F183C0B3}.Release|Any CPU.ActiveCfg = Release|Any CPU
		{BDB78639-841E-4983-824D-CFB0F183C0B3}.Release|Any CPU.Build.0 = Release|Any CPU
	EndGlobalSection
	GlobalSection(SolutionProperties) = preSolution
		HideSolutionNode = FALSE
	EndGlobalSection
	GlobalSection(NestedProjects) = preSolution
		{AA3C6821-27D7-4470-B200-450765087DA6} = {F9A8D1C6-2626-4D7F-933A-A2903DC27268}
		{4E07574E-7F4D-4FFD-8B56-F6A552BF3E0C} = {458AA72D-66A3-4464-B630-8A95C7E95926}
		{BDB78639-841E-4983-824D-CFB0F183C0B3} = {9668B85E-C0B8-493F-9D47-1702D732AB01}
	EndGlobalSection
	GlobalSection(ExtensibilityGlobals) = postSolution
		SolutionGuid = {75DAC23B-DF8A-4D56-995A-E879AC3E914A}
	EndGlobalSection
EndGlobal
