
Microsoft Visual Studio Solution File, Format Version 12.00
# Visual Studio Version 17
VisualStudioVersion = 17.4.33205.214
MinimumVisualStudioVersion = 10.0.40219.1
Project("{2150E333-8FDC-42A3-9474-1A3956D46DE8}") = "Services", "Services", "{9668B85E-C0B8-493F-9D47-1702D732AB01}"
EndProject
Project("{2150E333-8FDC-42A3-9474-1A3956D46DE8}") = "Shared", "Shared", "{458AA72D-66A3-4464-B630-8A95C7E95926}"
EndProject
Project("{2150E333-8FDC-42A3-9474-1A3956D46DE8}") = "Systems", "Systems", "{F9A8D1C6-2626-4D7F-933A-A2903DC27268}"
EndProject
Project("{2150E333-8FDC-42A3-9474-1A3956D46DE8}") = "Data", "Data", "{4B8513BB-DE40-4DD3-9982-40B6BE366BE9}"
EndProject
Project("{9A19103F-16F7-4668-BE54-9A1E7A4F7556}") = "ASPLearning.Api", "Systems\ASPLearning.Api\ASPLearning.Api.csproj", "{AA3C6821-27D7-4470-B200-450765087DA6}"
EndProject
Project("{9A19103F-16F7-4668-BE54-9A1E7A4F7556}") = "ASPLearning.Settings", "Shared\ASPLearning.Settings\ASPLearning.Settings.csproj", "{4EE0B5C2-000F-4755-9CCC-79CFCD4DC57B}"
EndProject
Project("{9A19103F-16F7-4668-BE54-9A1E7A4F7556}") = "ASPLearning.Context", "Data\ASPLearning.Context\ASPLearning.Context.csproj", "{7A344ECE-90B7-4CFE-BB2F-FC14AF7C7D41}"
EndProject
Project("{9A19103F-16F7-4668-BE54-9A1E7A4F7556}") = "ASPLearning.Context.Entities", "Data\ASPLearning.Context.Entities\ASPLearning.Context.Entities.csproj", "{3BEF807C-6198-4C89-BD25-060E7E637633}"
EndProject
Project("{2150E333-8FDC-42A3-9474-1A3956D46DE8}") = "Migrations", "Migrations", "{490619F8-1494-451F-96BC-52329406E9D9}"
EndProject
Project("{9A19103F-16F7-4668-BE54-9A1E7A4F7556}") = "ASPLearning.Context.MigrationsMSSQL", "Data\Migrations\ASPLearning.Context.MigrationsMSSQL\ASPLearning.Context.MigrationsMSSQL.csproj", "{DB453662-1EE8-4B62-9162-5488E91A74F4}"
EndProject
Project("{9A19103F-16F7-4668-BE54-9A1E7A4F7556}") = "ASPLearning.Context.MigrationsPostgreSQL", "Data\Migrations\ASPLearning.Context.MigrationsPostgreSQL\ASPLearning.Context.MigrationsPostgreSQL.csproj", "{5F8B0F51-78A8-47AC-BBB3-E7096633C104}"
EndProject
Project("{9A19103F-16F7-4668-BE54-9A1E7A4F7556}") = "ASPLearning.Services.Texts", "Services\ASPLearning.Services.Texts\ASPLearning.Services.Texts.csproj", "{E03E4533-F019-47CC-B963-4DE729DE0FE3}"
EndProject
Project("{9A19103F-16F7-4668-BE54-9A1E7A4F7556}") = "ASPLearning.Common", "Shared\ASPLearning.Common\ASPLearning.Common.csproj", "{D37A55B4-FA16-4F14-8CF9-6EA545CA47DB}"
EndProject
Project("{9A19103F-16F7-4668-BE54-9A1E7A4F7556}") = "ASPLearning.Identity", "Systems\ASPLearning.Identity\ASPLearning.Identity.csproj", "{FC1141DE-EAE9-487B-925C-AFA1F292C611}"
EndProject
Project("{E53339B2-1760-4266-BCC7-CA923CBCF16C}") = "docker-compose", "docker-compose.dcproj", "{79E53892-D163-46AA-B155-3B98094D6F98}"
EndProject
Project("{FAE04EC0-301F-11D3-BF4B-00C04F79EFBC}") = "ASPLearning.Services.UserAccount", "Services\ASPLearning.Services.UserAccount\ASPLearning.Services.UserAccount.csproj", "{B5C9BD4C-3F96-4161-BB86-18690B869646}"
EndProject
Global
	GlobalSection(SolutionConfigurationPlatforms) = preSolution
		Debug|Any CPU = Debug|Any CPU
		Release|Any CPU = Release|Any CPU
	EndGlobalSection
	GlobalSection(ProjectConfigurationPlatforms) = postSolution
		{AA3C6821-27D7-4470-B200-450765087DA6}.Debug|Any CPU.ActiveCfg = Debug|Any CPU
		{AA3C6821-27D7-4470-B200-450765087DA6}.Debug|Any CPU.Build.0 = Debug|Any CPU
		{AA3C6821-27D7-4470-B200-450765087DA6}.Release|Any CPU.ActiveCfg = Release|Any CPU
		{AA3C6821-27D7-4470-B200-450765087DA6}.Release|Any CPU.Build.0 = Release|Any CPU
		{4EE0B5C2-000F-4755-9CCC-79CFCD4DC57B}.Debug|Any CPU.ActiveCfg = Debug|Any CPU
		{4EE0B5C2-000F-4755-9CCC-79CFCD4DC57B}.Debug|Any CPU.Build.0 = Debug|Any CPU
		{4EE0B5C2-000F-4755-9CCC-79CFCD4DC57B}.Release|Any CPU.ActiveCfg = Release|Any CPU
		{4EE0B5C2-000F-4755-9CCC-79CFCD4DC57B}.Release|Any CPU.Build.0 = Release|Any CPU
		{7A344ECE-90B7-4CFE-BB2F-FC14AF7C7D41}.Debug|Any CPU.ActiveCfg = Debug|Any CPU
		{7A344ECE-90B7-4CFE-BB2F-FC14AF7C7D41}.Debug|Any CPU.Build.0 = Debug|Any CPU
		{7A344ECE-90B7-4CFE-BB2F-FC14AF7C7D41}.Release|Any CPU.ActiveCfg = Release|Any CPU
		{7A344ECE-90B7-4CFE-BB2F-FC14AF7C7D41}.Release|Any CPU.Build.0 = Release|Any CPU
		{3BEF807C-6198-4C89-BD25-060E7E637633}.Debug|Any CPU.ActiveCfg = Debug|Any CPU
		{3BEF807C-6198-4C89-BD25-060E7E637633}.Debug|Any CPU.Build.0 = Debug|Any CPU
		{3BEF807C-6198-4C89-BD25-060E7E637633}.Release|Any CPU.ActiveCfg = Release|Any CPU
		{3BEF807C-6198-4C89-BD25-060E7E637633}.Release|Any CPU.Build.0 = Release|Any CPU
		{DB453662-1EE8-4B62-9162-5488E91A74F4}.Debug|Any CPU.ActiveCfg = Debug|Any CPU
		{DB453662-1EE8-4B62-9162-5488E91A74F4}.Debug|Any CPU.Build.0 = Debug|Any CPU
		{DB453662-1EE8-4B62-9162-5488E91A74F4}.Release|Any CPU.ActiveCfg = Release|Any CPU
		{DB453662-1EE8-4B62-9162-5488E91A74F4}.Release|Any CPU.Build.0 = Release|Any CPU
		{5F8B0F51-78A8-47AC-BBB3-E7096633C104}.Debug|Any CPU.ActiveCfg = Debug|Any CPU
		{5F8B0F51-78A8-47AC-BBB3-E7096633C104}.Debug|Any CPU.Build.0 = Debug|Any CPU
		{5F8B0F51-78A8-47AC-BBB3-E7096633C104}.Release|Any CPU.ActiveCfg = Release|Any CPU
		{5F8B0F51-78A8-47AC-BBB3-E7096633C104}.Release|Any CPU.Build.0 = Release|Any CPU
		{E03E4533-F019-47CC-B963-4DE729DE0FE3}.Debug|Any CPU.ActiveCfg = Debug|Any CPU
		{E03E4533-F019-47CC-B963-4DE729DE0FE3}.Debug|Any CPU.Build.0 = Debug|Any CPU
		{E03E4533-F019-47CC-B963-4DE729DE0FE3}.Release|Any CPU.ActiveCfg = Release|Any CPU
		{E03E4533-F019-47CC-B963-4DE729DE0FE3}.Release|Any CPU.Build.0 = Release|Any CPU
		{D37A55B4-FA16-4F14-8CF9-6EA545CA47DB}.Debug|Any CPU.ActiveCfg = Debug|Any CPU
		{D37A55B4-FA16-4F14-8CF9-6EA545CA47DB}.Debug|Any CPU.Build.0 = Debug|Any CPU
		{D37A55B4-FA16-4F14-8CF9-6EA545CA47DB}.Release|Any CPU.ActiveCfg = Release|Any CPU
		{D37A55B4-FA16-4F14-8CF9-6EA545CA47DB}.Release|Any CPU.Build.0 = Release|Any CPU
		{FC1141DE-EAE9-487B-925C-AFA1F292C611}.Debug|Any CPU.ActiveCfg = Debug|Any CPU
		{FC1141DE-EAE9-487B-925C-AFA1F292C611}.Debug|Any CPU.Build.0 = Debug|Any CPU
		{FC1141DE-EAE9-487B-925C-AFA1F292C611}.Release|Any CPU.ActiveCfg = Release|Any CPU
		{FC1141DE-EAE9-487B-925C-AFA1F292C611}.Release|Any CPU.Build.0 = Release|Any CPU
		{79E53892-D163-46AA-B155-3B98094D6F98}.Debug|Any CPU.ActiveCfg = Debug|Any CPU
		{79E53892-D163-46AA-B155-3B98094D6F98}.Debug|Any CPU.Build.0 = Debug|Any CPU
		{79E53892-D163-46AA-B155-3B98094D6F98}.Release|Any CPU.ActiveCfg = Release|Any CPU
		{79E53892-D163-46AA-B155-3B98094D6F98}.Release|Any CPU.Build.0 = Release|Any CPU
		{B5C9BD4C-3F96-4161-BB86-18690B869646}.Debug|Any CPU.ActiveCfg = Debug|Any CPU
		{B5C9BD4C-3F96-4161-BB86-18690B869646}.Debug|Any CPU.Build.0 = Debug|Any CPU
		{B5C9BD4C-3F96-4161-BB86-18690B869646}.Release|Any CPU.ActiveCfg = Release|Any CPU
		{B5C9BD4C-3F96-4161-BB86-18690B869646}.Release|Any CPU.Build.0 = Release|Any CPU
	EndGlobalSection
	GlobalSection(SolutionProperties) = preSolution
		HideSolutionNode = FALSE
	EndGlobalSection
	GlobalSection(NestedProjects) = preSolution
		{AA3C6821-27D7-4470-B200-450765087DA6} = {F9A8D1C6-2626-4D7F-933A-A2903DC27268}
		{4EE0B5C2-000F-4755-9CCC-79CFCD4DC57B} = {458AA72D-66A3-4464-B630-8A95C7E95926}
		{7A344ECE-90B7-4CFE-BB2F-FC14AF7C7D41} = {4B8513BB-DE40-4DD3-9982-40B6BE366BE9}
		{3BEF807C-6198-4C89-BD25-060E7E637633} = {4B8513BB-DE40-4DD3-9982-40B6BE366BE9}
		{490619F8-1494-451F-96BC-52329406E9D9} = {4B8513BB-DE40-4DD3-9982-40B6BE366BE9}
		{DB453662-1EE8-4B62-9162-5488E91A74F4} = {490619F8-1494-451F-96BC-52329406E9D9}
		{5F8B0F51-78A8-47AC-BBB3-E7096633C104} = {490619F8-1494-451F-96BC-52329406E9D9}
		{E03E4533-F019-47CC-B963-4DE729DE0FE3} = {9668B85E-C0B8-493F-9D47-1702D732AB01}
		{D37A55B4-FA16-4F14-8CF9-6EA545CA47DB} = {458AA72D-66A3-4464-B630-8A95C7E95926}
		{FC1141DE-EAE9-487B-925C-AFA1F292C611} = {F9A8D1C6-2626-4D7F-933A-A2903DC27268}
		{B5C9BD4C-3F96-4161-BB86-18690B869646} = {9668B85E-C0B8-493F-9D47-1702D732AB01}
	EndGlobalSection
	GlobalSection(ExtensibilityGlobals) = postSolution
		SolutionGuid = {75DAC23B-DF8A-4D56-995A-E879AC3E914A}
	EndGlobalSection
EndGlobal
